// !$*UTF8*$!
{
	archiveVersion = 1;
	classes = {
	};
	objectVersion = 56;
	objects = {

/* Begin PBXBuildFile section */
		D98A2EF62A92FE5100B325E5 /* AppDelegate.swift in Sources */ = {isa = PBXBuildFile; fileRef = D98A2EF52A92FE5100B325E5 /* AppDelegate.swift */; };
		D98A2EF82A92FE5100B325E5 /* SceneDelegate.swift in Sources */ = {isa = PBXBuildFile; fileRef = D98A2EF72A92FE5100B325E5 /* SceneDelegate.swift */; };
		D98A2EFA2A92FE5100B325E5 /* ViewController.swift in Sources */ = {isa = PBXBuildFile; fileRef = D98A2EF92A92FE5100B325E5 /* ViewController.swift */; };
		D98A2EFD2A92FE5100B325E5 /* Main.storyboard in Resources */ = {isa = PBXBuildFile; fileRef = D98A2EFB2A92FE5100B325E5 /* Main.storyboard */; };
		D98A2EFF2A92FE5200B325E5 /* Assets.xcassets in Resources */ = {isa = PBXBuildFile; fileRef = D98A2EFE2A92FE5200B325E5 /* Assets.xcassets */; };
		D98A2F022A92FE5200B325E5 /* LaunchScreen.storyboard in Resources */ = {isa = PBXBuildFile; fileRef = D98A2F002A92FE5200B325E5 /* LaunchScreen.storyboard */; };
		D98A2F0D2A92FE5200B325E5 /* AnkeeCodeverseTests.swift in Sources */ = {isa = PBXBuildFile; fileRef = D98A2F0C2A92FE5200B325E5 /* AnkeeCodeverseTests.swift */; };
		D98A2F172A92FE5200B325E5 /* AnkeeCodeverseUITests.swift in Sources */ = {isa = PBXBuildFile; fileRef = D98A2F162A92FE5200B325E5 /* AnkeeCodeverseUITests.swift */; };
		D98A2F192A92FE5200B325E5 /* AnkeeCodeverseUITestsLaunchTests.swift in Sources */ = {isa = PBXBuildFile; fileRef = D98A2F182A92FE5200B325E5 /* AnkeeCodeverseUITestsLaunchTests.swift */; };
/* End PBXBuildFile section */

/* Begin PBXContainerItemProxy section */
		D98A2F092A92FE5200B325E5 /* PBXContainerItemProxy */ = {
			isa = PBXContainerItemProxy;
			containerPortal = D98A2EEA2A92FE5100B325E5 /* Project object */;
			proxyType = 1;
			remoteGlobalIDString = D98A2EF12A92FE5100B325E5;
			remoteInfo = AnkeeCodeverse;
		};
		D98A2F132A92FE5200B325E5 /* PBXContainerItemProxy */ = {
			isa = PBXContainerItemProxy;
			containerPortal = D98A2EEA2A92FE5100B325E5 /* Project object */;
			proxyType = 1;
			remoteGlobalIDString = D98A2EF12A92FE5100B325E5;
			remoteInfo = AnkeeCodeverse;
		};
/* End PBXContainerItemProxy section */

/* Begin PBXFileReference section */
		D98A2EF22A92FE5100B325E5 /* AnkeeCodeverse.app */ = {isa = PBXFileReference; explicitFileType = wrapper.application; includeInIndex = 0; path = AnkeeCodeverse.app; sourceTree = BUILT_PRODUCTS_DIR; };
		D98A2EF52A92FE5100B325E5 /* AppDelegate.swift */ = {isa = PBXFileReference; lastKnownFileType = sourcecode.swift; path = AppDelegate.swift; sourceTree = "<group>"; };
		D98A2EF72A92FE5100B325E5 /* SceneDelegate.swift */ = {isa = PBXFileReference; lastKnownFileType = sourcecode.swift; path = SceneDelegate.swift; sourceTree = "<group>"; };
		D98A2EF92A92FE5100B325E5 /* ViewController.swift */ = {isa = PBXFileReference; lastKnownFileType = sourcecode.swift; path = ViewController.swift; sourceTree = "<group>"; };
		D98A2EFC2A92FE5100B325E5 /* Base */ = {isa = PBXFileReference; lastKnownFileType = file.storyboard; name = Base; path = Base.lproj/Main.storyboard; sourceTree = "<group>"; };
		D98A2EFE2A92FE5200B325E5 /* Assets.xcassets */ = {isa = PBXFileReference; lastKnownFileType = folder.assetcatalog; path = Assets.xcassets; sourceTree = "<group>"; };
		D98A2F012A92FE5200B325E5 /* Base */ = {isa = PBXFileReference; lastKnownFileType = file.storyboard; name = Base; path = Base.lproj/LaunchScreen.storyboard; sourceTree = "<group>"; };
		D98A2F032A92FE5200B325E5 /* Info.plist */ = {isa = PBXFileReference; lastKnownFileType = text.plist.xml; path = Info.plist; sourceTree = "<group>"; };
		D98A2F082A92FE5200B325E5 /* AnkeeCodeverseTests.xctest */ = {isa = PBXFileReference; explicitFileType = wrapper.cfbundle; includeInIndex = 0; path = AnkeeCodeverseTests.xctest; sourceTree = BUILT_PRODUCTS_DIR; };
		D98A2F0C2A92FE5200B325E5 /* AnkeeCodeverseTests.swift */ = {isa = PBXFileReference; lastKnownFileType = sourcecode.swift; path = AnkeeCodeverseTests.swift; sourceTree = "<group>"; };
		D98A2F122A92FE5200B325E5 /* AnkeeCodeverseUITests.xctest */ = {isa = PBXFileReference; explicitFileType = wrapper.cfbundle; includeInIndex = 0; path = AnkeeCodeverseUITests.xctest; sourceTree = BUILT_PRODUCTS_DIR; };
		D98A2F162A92FE5200B325E5 /* AnkeeCodeverseUITests.swift */ = {isa = PBXFileReference; lastKnownFileType = sourcecode.swift; path = AnkeeCodeverseUITests.swift; sourceTree = "<group>"; };
		D98A2F182A92FE5200B325E5 /* AnkeeCodeverseUITestsLaunchTests.swift */ = {isa = PBXFileReference; lastKnownFileType = sourcecode.swift; path = AnkeeCodeverseUITestsLaunchTests.swift; sourceTree = "<group>"; };
/* End PBXFileReference section */

/* Begin PBXFrameworksBuildPhase section */
		D98A2EEF2A92FE5100B325E5 /* Frameworks */ = {
			isa = PBXFrameworksBuildPhase;
			buildActionMask = 2147483647;
			files = (
			);
			runOnlyForDeploymentPostprocessing = 0;
		};
		D98A2F052A92FE5200B325E5 /* Frameworks */ = {
			isa = PBXFrameworksBuildPhase;
			buildActionMask = 2147483647;
			files = (
			);
			runOnlyForDeploymentPostprocessing = 0;
		};
		D98A2F0F2A92FE5200B325E5 /* Frameworks */ = {
			isa = PBXFrameworksBuildPhase;
			buildActionMask = 2147483647;
			files = (
			);
			runOnlyForDeploymentPostprocessing = 0;
		};
/* End PBXFrameworksBuildPhase section */

/* Begin PBXGroup section */
		D98A2EE92A92FE5100B325E5 = {
			isa = PBXGroup;
			children = (
				D98A2EF42A92FE5100B325E5 /* AnkeeCodeverse */,
				D98A2F0B2A92FE5200B325E5 /* AnkeeCodeverseTests */,
				D98A2F152A92FE5200B325E5 /* AnkeeCodeverseUITests */,
				D98A2EF32A92FE5100B325E5 /* Products */,
			);
			sourceTree = "<group>";
		};
		D98A2EF32A92FE5100B325E5 /* Products */ = {
			isa = PBXGroup;
			children = (
				D98A2EF22A92FE5100B325E5 /* AnkeeCodeverse.app */,
				D98A2F082A92FE5200B325E5 /* AnkeeCodeverseTests.xctest */,
				D98A2F122A92FE5200B325E5 /* AnkeeCodeverseUITests.xctest */,
			);
			name = Products;
			sourceTree = "<group>";
		};
		D98A2EF42A92FE5100B325E5 /* AnkeeCodeverse */ = {
			isa = PBXGroup;
			children = (
				D98A2EF52A92FE5100B325E5 /* AppDelegate.swift */,
				D98A2EF72A92FE5100B325E5 /* SceneDelegate.swift */,
				D98A2EF92A92FE5100B325E5 /* ViewController.swift */,
				D98A2EFB2A92FE5100B325E5 /* Main.storyboard */,
				D98A2EFE2A92FE5200B325E5 /* Assets.xcassets */,
				D98A2F002A92FE5200B325E5 /* LaunchScreen.storyboard */,
				D98A2F032A92FE5200B325E5 /* Info.plist */,
			);
			path = AnkeeCodeverse;
			sourceTree = "<group>";
		};
		D98A2F0B2A92FE5200B325E5 /* AnkeeCodeverseTests */ = {
			isa = PBXGroup;
			children = (
				D98A2F0C2A92FE5200B325E5 /* AnkeeCodeverseTests.swift */,
			);
			path = AnkeeCodeverseTests;
			sourceTree = "<group>";
		};
		D98A2F152A92FE5200B325E5 /* AnkeeCodeverseUITests */ = {
			isa = PBXGroup;
			children = (
				D98A2F162A92FE5200B325E5 /* AnkeeCodeverseUITests.swift */,
				D98A2F182A92FE5200B325E5 /* AnkeeCodeverseUITestsLaunchTests.swift */,
			);
			path = AnkeeCodeverseUITests;
			sourceTree = "<group>";
		};
/* End PBXGroup section */

/* Begin PBXNativeTarget section */
		D98A2EF12A92FE5100B325E5 /* AnkeeCodeverse */ = {
			isa = PBXNativeTarget;
			buildConfigurationList = D98A2F1C2A92FE5200B325E5 /* Build configuration list for PBXNativeTarget "AnkeeCodeverse" */;
			buildPhases = (
				D98A2EEE2A92FE5100B325E5 /* Sources */,
				D98A2EEF2A92FE5100B325E5 /* Frameworks */,
				D98A2EF02A92FE5100B325E5 /* Resources */,
			);
			buildRules = (
			);
			dependencies = (
			);
			name = AnkeeCodeverse;
			productName = AnkeeCodeverse;
			productReference = D98A2EF22A92FE5100B325E5 /* AnkeeCodeverse.app */;
			productType = "com.apple.product-type.application";
		};
		D98A2F072A92FE5200B325E5 /* AnkeeCodeverseTests */ = {
			isa = PBXNativeTarget;
			buildConfigurationList = D98A2F1F2A92FE5200B325E5 /* Build configuration list for PBXNativeTarget "AnkeeCodeverseTests" */;
			buildPhases = (
				D98A2F042A92FE5200B325E5 /* Sources */,
				D98A2F052A92FE5200B325E5 /* Frameworks */,
				D98A2F062A92FE5200B325E5 /* Resources */,
			);
			buildRules = (
			);
			dependencies = (
				D98A2F0A2A92FE5200B325E5 /* PBXTargetDependency */,
			);
			name = AnkeeCodeverseTests;
			productName = AnkeeCodeverseTests;
			productReference = D98A2F082A92FE5200B325E5 /* AnkeeCodeverseTests.xctest */;
			productType = "com.apple.product-type.bundle.unit-test";
		};
		D98A2F112A92FE5200B325E5 /* AnkeeCodeverseUITests */ = {
			isa = PBXNativeTarget;
			buildConfigurationList = D98A2F222A92FE5200B325E5 /* Build configuration list for PBXNativeTarget "AnkeeCodeverseUITests" */;
			buildPhases = (
				D98A2F0E2A92FE5200B325E5 /* Sources */,
				D98A2F0F2A92FE5200B325E5 /* Frameworks */,
				D98A2F102A92FE5200B325E5 /* Resources */,
			);
			buildRules = (
			);
			dependencies = (
				D98A2F142A92FE5200B325E5 /* PBXTargetDependency */,
			);
			name = AnkeeCodeverseUITests;
			productName = AnkeeCodeverseUITests;
			productReference = D98A2F122A92FE5200B325E5 /* AnkeeCodeverseUITests.xctest */;
			productType = "com.apple.product-type.bundle.ui-testing";
		};
/* End PBXNativeTarget section */

/* Begin PBXProject section */
		D98A2EEA2A92FE5100B325E5 /* Project object */ = {
			isa = PBXProject;
			attributes = {
				BuildIndependentTargetsInParallel = 1;
				LastSwiftUpdateCheck = 1430;
				LastUpgradeCheck = 1430;
				TargetAttributes = {
					D98A2EF12A92FE5100B325E5 = {
						CreatedOnToolsVersion = 14.3;
					};
					D98A2F072A92FE5200B325E5 = {
						CreatedOnToolsVersion = 14.3;
						TestTargetID = D98A2EF12A92FE5100B325E5;
					};
					D98A2F112A92FE5200B325E5 = {
						CreatedOnToolsVersion = 14.3;
						TestTargetID = D98A2EF12A92FE5100B325E5;
					};
				};
			};
			buildConfigurationList = D98A2EED2A92FE5100B325E5 /* Build configuration list for PBXProject "AnkeeCodeverse" */;
			compatibilityVersion = "Xcode 14.0";
			developmentRegion = en;
			hasScannedForEncodings = 0;
			knownRegions = (
				en,
				Base,
			);
			mainGroup = D98A2EE92A92FE5100B325E5;
			productRefGroup = D98A2EF32A92FE5100B325E5 /* Products */;
			projectDirPath = "";
			projectRoot = "";
			targets = (
				D98A2EF12A92FE5100B325E5 /* AnkeeCodeverse */,
				D98A2F072A92FE5200B325E5 /* AnkeeCodeverseTests */,
				D98A2F112A92FE5200B325E5 /* AnkeeCodeverseUITests */,
			);
		};
/* End PBXProject section */

/* Begin PBXResourcesBuildPhase section */
		D98A2EF02A92FE5100B325E5 /* Resources */ = {
			isa = PBXResourcesBuildPhase;
			buildActionMask = 2147483647;
			files = (
				D98A2F022A92FE5200B325E5 /* LaunchScreen.storyboard in Resources */,
				D98A2EFF2A92FE5200B325E5 /* Assets.xcassets in Resources */,
				D98A2EFD2A92FE5100B325E5 /* Main.storyboard in Resources */,
			);
			runOnlyForDeploymentPostprocessing = 0;
		};
		D98A2F062A92FE5200B325E5 /* Resources */ = {
			isa = PBXResourcesBuildPhase;
			buildActionMask = 2147483647;
			files = (
			);
			runOnlyForDeploymentPostprocessing = 0;
		};
		D98A2F102A92FE5200B325E5 /* Resources */ = {
			isa = PBXResourcesBuildPhase;
			buildActionMask = 2147483647;
			files = (
			);
			runOnlyForDeploymentPostprocessing = 0;
		};
/* End PBXResourcesBuildPhase section */

/* Begin PBXSourcesBuildPhase section */
		D98A2EEE2A92FE5100B325E5 /* Sources */ = {
			isa = PBXSourcesBuildPhase;
			buildActionMask = 2147483647;
			files = (
				D98A2EFA2A92FE5100B325E5 /* ViewController.swift in Sources */,
				D98A2EF62A92FE5100B325E5 /* AppDelegate.swift in Sources */,
				D98A2EF82A92FE5100B325E5 /* SceneDelegate.swift in Sources */,
			);
			runOnlyForDeploymentPostprocessing = 0;
		};
		D98A2F042A92FE5200B325E5 /* Sources */ = {
			isa = PBXSourcesBuildPhase;
			buildActionMask = 2147483647;
			files = (
				D98A2F0D2A92FE5200B325E5 /* AnkeeCodeverseTests.swift in Sources */,
			);
			runOnlyForDeploymentPostprocessing = 0;
		};
		D98A2F0E2A92FE5200B325E5 /* Sources */ = {
			isa = PBXSourcesBuildPhase;
			buildActionMask = 2147483647;
			files = (
				D98A2F192A92FE5200B325E5 /* AnkeeCodeverseUITestsLaunchTests.swift in Sources */,
				D98A2F172A92FE5200B325E5 /* AnkeeCodeverseUITests.swift in Sources */,
			);
			runOnlyForDeploymentPostprocessing = 0;
		};
/* End PBXSourcesBuildPhase section */

/* Begin PBXTargetDependency section */
		D98A2F0A2A92FE5200B325E5 /* PBXTargetDependency */ = {
			isa = PBXTargetDependency;
			target = D98A2EF12A92FE5100B325E5 /* AnkeeCodeverse */;
			targetProxy = D98A2F092A92FE5200B325E5 /* PBXContainerItemProxy */;
		};
		D98A2F142A92FE5200B325E5 /* PBXTargetDependency */ = {
			isa = PBXTargetDependency;
			target = D98A2EF12A92FE5100B325E5 /* AnkeeCodeverse */;
			targetProxy = D98A2F132A92FE5200B325E5 /* PBXContainerItemProxy */;
		};
/* End PBXTargetDependency section */

/* Begin PBXVariantGroup section */
		D98A2EFB2A92FE5100B325E5 /* Main.storyboard */ = {
			isa = PBXVariantGroup;
			children = (
				D98A2EFC2A92FE5100B325E5 /* Base */,
			);
			name = Main.storyboard;
			sourceTree = "<group>";
		};
		D98A2F002A92FE5200B325E5 /* LaunchScreen.storyboard */ = {
			isa = PBXVariantGroup;
			children = (
				D98A2F012A92FE5200B325E5 /* Base */,
			);
			name = LaunchScreen.storyboard;
			sourceTree = "<group>";
		};
/* End PBXVariantGroup section */

/* Begin XCBuildConfiguration section */
		D98A2F1A2A92FE5200B325E5 /* Debug */ = {
			isa = XCBuildConfiguration;
			buildSettings = {
				ALWAYS_SEARCH_USER_PATHS = NO;
				CLANG_ANALYZER_NONNULL = YES;
				CLANG_ANALYZER_NUMBER_OBJECT_CONVERSION = YES_AGGRESSIVE;
				CLANG_CXX_LANGUAGE_STANDARD = "gnu++20";
				CLANG_ENABLE_MODULES = YES;
				CLANG_ENABLE_OBJC_ARC = YES;
				CLANG_ENABLE_OBJC_WEAK = YES;
				CLANG_WARN_BLOCK_CAPTURE_AUTORELEASING = YES;
				CLANG_WARN_BOOL_CONVERSION = YES;
				CLANG_WARN_COMMA = YES;
				CLANG_WARN_CONSTANT_CONVERSION = YES;
				CLANG_WARN_DEPRECATED_OBJC_IMPLEMENTATIONS = YES;
				CLANG_WARN_DIRECT_OBJC_ISA_USAGE = YES_ERROR;
				CLANG_WARN_DOCUMENTATION_COMMENTS = YES;
				CLANG_WARN_EMPTY_BODY = YES;
				CLANG_WARN_ENUM_CONVERSION = YES;
				CLANG_WARN_INFINITE_RECURSION = YES;
				CLANG_WARN_INT_CONVERSION = YES;
				CLANG_WARN_NON_LITERAL_NULL_CONVERSION = YES;
				CLANG_WARN_OBJC_IMPLICIT_RETAIN_SELF = YES;
				CLANG_WARN_OBJC_LITERAL_CONVERSION = YES;
				CLANG_WARN_OBJC_ROOT_CLASS = YES_ERROR;
				CLANG_WARN_QUOTED_INCLUDE_IN_FRAMEWORK_HEADER = YES;
				CLANG_WARN_RANGE_LOOP_ANALYSIS = YES;
				CLANG_WARN_STRICT_PROTOTYPES = YES;
				CLANG_WARN_SUSPICIOUS_MOVE = YES;
				CLANG_WARN_UNGUARDED_AVAILABILITY = YES_AGGRESSIVE;
				CLANG_WARN_UNREACHABLE_CODE = YES;
				CLANG_WARN__DUPLICATE_METHOD_MATCH = YES;
				COPY_PHASE_STRIP = NO;
				DEBUG_INFORMATION_FORMAT = dwarf;
				ENABLE_STRICT_OBJC_MSGSEND = YES;
				ENABLE_TESTABILITY = YES;
				GCC_C_LANGUAGE_STANDARD = gnu11;
				GCC_DYNAMIC_NO_PIC = NO;
				GCC_NO_COMMON_BLOCKS = YES;
				GCC_OPTIMIZATION_LEVEL = 0;
				GCC_PREPROCESSOR_DEFINITIONS = (
					"DEBUG=1",
					"$(inherited)",
				);
				GCC_WARN_64_TO_32_BIT_CONVERSION = YES;
				GCC_WARN_ABOUT_RETURN_TYPE = YES_ERROR;
				GCC_WARN_UNDECLARED_SELECTOR = YES;
				GCC_WARN_UNINITIALIZED_AUTOS = YES_AGGRESSIVE;
				GCC_WARN_UNUSED_FUNCTION = YES;
				GCC_WARN_UNUSED_VARIABLE = YES;
				IPHONEOS_DEPLOYMENT_TARGET = 16.4;
				MTL_ENABLE_DEBUG_INFO = INCLUDE_SOURCE;
				MTL_FAST_MATH = YES;
				ONLY_ACTIVE_ARCH = YES;
				SDKROOT = iphoneos;
				SWIFT_ACTIVE_COMPILATION_CONDITIONS = DEBUG;
				SWIFT_OPTIMIZATION_LEVEL = "-Onone";
			};
			name = Debug;
		};
		D98A2F1B2A92FE5200B325E5 /* Release */ = {
			isa = XCBuildConfiguration;
			buildSettings = {
				ALWAYS_SEARCH_USER_PATHS = NO;
				CLANG_ANALYZER_NONNULL = YES;
				CLANG_ANALYZER_NUMBER_OBJECT_CONVERSION = YES_AGGRESSIVE;
				CLANG_CXX_LANGUAGE_STANDARD = "gnu++20";
				CLANG_ENABLE_MODULES = YES;
				CLANG_ENABLE_OBJC_ARC = YES;
				CLANG_ENABLE_OBJC_WEAK = YES;
				CLANG_WARN_BLOCK_CAPTURE_AUTORELEASING = YES;
				CLANG_WARN_BOOL_CONVERSION = YES;
				CLANG_WARN_COMMA = YES;
				CLANG_WARN_CONSTANT_CONVERSION = YES;
				CLANG_WARN_DEPRECATED_OBJC_IMPLEMENTATIONS = YES;
				CLANG_WARN_DIRECT_OBJC_ISA_USAGE = YES_ERROR;
				CLANG_WARN_DOCUMENTATION_COMMENTS = YES;
				CLANG_WARN_EMPTY_BODY = YES;
				CLANG_WARN_ENUM_CONVERSION = YES;
				CLANG_WARN_INFINITE_RECURSION = YES;
				CLANG_WARN_INT_CONVERSION = YES;
				CLANG_WARN_NON_LITERAL_NULL_CONVERSION = YES;
				CLANG_WARN_OBJC_IMPLICIT_RETAIN_SELF = YES;
				CLANG_WARN_OBJC_LITERAL_CONVERSION = YES;
				CLANG_WARN_OBJC_ROOT_CLASS = YES_ERROR;
				CLANG_WARN_QUOTED_INCLUDE_IN_FRAMEWORK_HEADER = YES;
				CLANG_WARN_RANGE_LOOP_ANALYSIS = YES;
				CLANG_WARN_STRICT_PROTOTYPES = YES;
				CLANG_WARN_SUSPICIOUS_MOVE = YES;
				CLANG_WARN_UNGUARDED_AVAILABILITY = YES_AGGRESSIVE;
				CLANG_WARN_UNREACHABLE_CODE = YES;
				CLANG_WARN__DUPLICATE_METHOD_MATCH = YES;
				COPY_PHASE_STRIP = NO;
				DEBUG_INFORMATION_FORMAT = "dwarf-with-dsym";
				ENABLE_NS_ASSERTIONS = NO;
				ENABLE_STRICT_OBJC_MSGSEND = YES;
				GCC_C_LANGUAGE_STANDARD = gnu11;
				GCC_NO_COMMON_BLOCKS = YES;
				GCC_WARN_64_TO_32_BIT_CONVERSION = YES;
				GCC_WARN_ABOUT_RETURN_TYPE = YES_ERROR;
				GCC_WARN_UNDECLARED_SELECTOR = YES;
				GCC_WARN_UNINITIALIZED_AUTOS = YES_AGGRESSIVE;
				GCC_WARN_UNUSED_FUNCTION = YES;
				GCC_WARN_UNUSED_VARIABLE = YES;
				IPHONEOS_DEPLOYMENT_TARGET = 16.4;
				MTL_ENABLE_DEBUG_INFO = NO;
				MTL_FAST_MATH = YES;
				SDKROOT = iphoneos;
				SWIFT_COMPILATION_MODE = wholemodule;
				SWIFT_OPTIMIZATION_LEVEL = "-O";
				VALIDATE_PRODUCT = YES;
			};
			name = Release;
		};
		D98A2F1D2A92FE5200B325E5 /* Debug */ = {
			isa = XCBuildConfiguration;
			buildSettings = {
				ASSETCATALOG_COMPILER_APPICON_NAME = AppIcon;
				ASSETCATALOG_COMPILER_GLOBAL_ACCENT_COLOR_NAME = AccentColor;
				CODE_SIGN_STYLE = Automatic;
				CURRENT_PROJECT_VERSION = 1;
				GENERATE_INFOPLIST_FILE = YES;
				INFOPLIST_FILE = AnkeeCodeverse/Info.plist;
				INFOPLIST_KEY_UIApplicationSupportsIndirectInputEvents = YES;
				INFOPLIST_KEY_UILaunchStoryboardName = LaunchScreen;
				INFOPLIST_KEY_UIMainStoryboardFile = Main;
				INFOPLIST_KEY_UISupportedInterfaceOrientations_iPad = "UIInterfaceOrientationPortrait UIInterfaceOrientationPortraitUpsideDown UIInterfaceOrientationLandscapeLeft UIInterfaceOrientationLandscapeRight";
				INFOPLIST_KEY_UISupportedInterfaceOrientations_iPhone = "UIInterfaceOrientationPortrait UIInterfaceOrientationLandscapeLeft UIInterfaceOrientationLandscapeRight";
				LD_RUNPATH_SEARCH_PATHS = (
					"$(inherited)",
					"@executable_path/Frameworks",
				);
				MARKETING_VERSION = 1.0;
				PRODUCT_BUNDLE_IDENTIFIER = com.app.AnkeeCodeverse;
				PRODUCT_NAME = "$(TARGET_NAME)";
				SWIFT_EMIT_LOC_STRINGS = YES;
				SWIFT_VERSION = 5.0;
				TARGETED_DEVICE_FAMILY = "1,2";
			};
			name = Debug;
		};
		D98A2F1E2A92FE5200B325E5 /* Release */ = {
			isa = XCBuildConfiguration;
			buildSettings = {
				ASSETCATALOG_COMPILER_APPICON_NAME = AppIcon;
				ASSETCATALOG_COMPILER_GLOBAL_ACCENT_COLOR_NAME = AccentColor;
				CODE_SIGN_STYLE = Automatic;
				CURRENT_PROJECT_VERSION = 1;
				GENERATE_INFOPLIST_FILE = YES;
				INFOPLIST_FILE = AnkeeCodeverse/Info.plist;
				INFOPLIST_KEY_UIApplicationSupportsIndirectInputEvents = YES;
				INFOPLIST_KEY_UILaunchStoryboardName = LaunchScreen;
				INFOPLIST_KEY_UIMainStoryboardFile = Main;
				INFOPLIST_KEY_UISupportedInterfaceOrientations_iPad = "UIInterfaceOrientationPortrait UIInterfaceOrientationPortraitUpsideDown UIInterfaceOrientationLandscapeLeft UIInterfaceOrientationLandscapeRight";
				INFOPLIST_KEY_UISupportedInterfaceOrientations_iPhone = "UIInterfaceOrientationPortrait UIInterfaceOrientationLandscapeLeft UIInterfaceOrientationLandscapeRight";
				LD_RUNPATH_SEARCH_PATHS = (
					"$(inherited)",
					"@executable_path/Frameworks",
				);
				MARKETING_VERSION = 1.0;
				PRODUCT_BUNDLE_IDENTIFIER = com.app.AnkeeCodeverse;
				PRODUCT_NAME = "$(TARGET_NAME)";
				SWIFT_EMIT_LOC_STRINGS = YES;
				SWIFT_VERSION = 5.0;
				TARGETED_DEVICE_FAMILY = "1,2";
			};
			name = Release;
		};
		D98A2F202A92FE5200B325E5 /* Debug */ = {
			isa = XCBuildConfiguration;
			buildSettings = {
				ALWAYS_EMBED_SWIFT_STANDARD_LIBRARIES = YES;
				BUNDLE_LOADER = "$(TEST_HOST)";
				CODE_SIGN_STYLE = Automatic;
				CURRENT_PROJECT_VERSION = 1;
				GENERATE_INFOPLIST_FILE = YES;
				IPHONEOS_DEPLOYMENT_TARGET = 16.4;
				MARKETING_VERSION = 1.0;
				PRODUCT_BUNDLE_IDENTIFIER = com.app.AnkeeCodeverseTests;
				PRODUCT_NAME = "$(TARGET_NAME)";
				SWIFT_EMIT_LOC_STRINGS = NO;
				SWIFT_VERSION = 5.0;
				TARGETED_DEVICE_FAMILY = "1,2";
				TEST_HOST = "$(BUILT_PRODUCTS_DIR)/AnkeeCodeverse.app/$(BUNDLE_EXECUTABLE_FOLDER_PATH)/AnkeeCodeverse";
			};
			name = Debug;
		};
		D98A2F212A92FE5200B325E5 /* Release */ = {
			isa = XCBuildConfiguration;
			buildSettings = {
				ALWAYS_EMBED_SWIFT_STANDARD_LIBRARIES = YES;
				BUNDLE_LOADER = "$(TEST_HOST)";
				CODE_SIGN_STYLE = Automatic;
				CURRENT_PROJECT_VERSION = 1;
				GENERATE_INFOPLIST_FILE = YES;
				IPHONEOS_DEPLOYMENT_TARGET = 16.4;
				MARKETING_VERSION = 1.0;
				PRODUCT_BUNDLE_IDENTIFIER = com.app.AnkeeCodeverseTests;
				PRODUCT_NAME = "$(TARGET_NAME)";
				SWIFT_EMIT_LOC_STRINGS = NO;
				SWIFT_VERSION = 5.0;
				TARGETED_DEVICE_FAMILY = "1,2";
				TEST_HOST = "$(BUILT_PRODUCTS_DIR)/AnkeeCodeverse.app/$(BUNDLE_EXECUTABLE_FOLDER_PATH)/AnkeeCodeverse";
			};
			name = Release;
		};
		D98A2F232A92FE5200B325E5 /* Debug */ = {
			isa = XCBuildConfiguration;
			buildSettings = {
				ALWAYS_EMBED_SWIFT_STANDARD_LIBRARIES = YES;
				CODE_SIGN_STYLE = Automatic;
				CURRENT_PROJECT_VERSION = 1;
				GENERATE_INFOPLIST_FILE = YES;
				MARKETING_VERSION = 1.0;
				PRODUCT_BUNDLE_IDENTIFIER = com.app.AnkeeCodeverseUITests;
				PRODUCT_NAME = "$(TARGET_NAME)";
				SWIFT_EMIT_LOC_STRINGS = NO;
				SWIFT_VERSION = 5.0;
				TARGETED_DEVICE_FAMILY = "1,2";
				TEST_TARGET_NAME = AnkeeCodeverse;
			};
			name = Debug;
		};
		D98A2F242A92FE5200B325E5 /* Release */ = {
			isa = XCBuildConfiguration;
			buildSettings = {
				ALWAYS_EMBED_SWIFT_STANDARD_LIBRARIES = YES;
				CODE_SIGN_STYLE = Automatic;
				CURRENT_PROJECT_VERSION = 1;
				GENERATE_INFOPLIST_FILE = YES;
				MARKETING_VERSION = 1.0;
				PRODUCT_BUNDLE_IDENTIFIER = com.app.AnkeeCodeverseUITests;
				PRODUCT_NAME = "$(TARGET_NAME)";
				SWIFT_EMIT_LOC_STRINGS = NO;
				SWIFT_VERSION = 5.0;
				TARGETED_DEVICE_FAMILY = "1,2";
				TEST_TARGET_NAME = AnkeeCodeverse;
			};
			name = Release;
		};
/* End XCBuildConfiguration section */

/* Begin XCConfigurationList section */
		D98A2EED2A92FE5100B325E5 /* Build configuration list for PBXProject "AnkeeCodeverse" */ = {
			isa = XCConfigurationList;
			buildConfigurations = (
				D98A2F1A2A92FE5200B325E5 /* Debug */,
				D98A2F1B2A92FE5200B325E5 /* Release */,
			);
			defaultConfigurationIsVisible = 0;
			defaultConfigurationName = Release;
		};
		D98A2F1C2A92FE5200B325E5 /* Build configuration list for PBXNativeTarget "AnkeeCodeverse" */ = {
			isa = XCConfigurationList;
			buildConfigurations = (
				D98A2F1D2A92FE5200B325E5 /* Debug */,
				D98A2F1E2A92FE5200B325E5 /* Release */,
			);
			defaultConfigurationIsVisible = 0;
			defaultConfigurationName = Release;
		};
		D98A2F1F2A92FE5200B325E5 /* Build configuration list for PBXNativeTarget "AnkeeCodeverseTests" */ = {
			isa = XCConfigurationList;
			buildConfigurations = (
				D98A2F202A92FE5200B325E5 /* Debug */,
				D98A2F212A92FE5200B325E5 /* Release */,
			);
			defaultConfigurationIsVisible = 0;
			defaultConfigurationName = Release;
		};
		D98A2F222A92FE5200B325E5 /* Build configuration list for PBXNativeTarget "AnkeeCodeverseUITests" */ = {
			isa = XCConfigurationList;
			buildConfigurations = (
				D98A2F232A92FE5200B325E5 /* Debug */,
				D98A2F242A92FE5200B325E5 /* Release */,
			);
			defaultConfigurationIsVisible = 0;
			defaultConfigurationName = Release;
		};
/* End XCConfigurationList section */
	};
	rootObject = D98A2EEA2A92FE5100B325E5 /* Project object */;
}
